# This file is automatically @generated by Cargo.
# It is not intended for manual editing.
version = 4

[[package]]
name = "application-api"
version = "0.1.0"
dependencies = [
 "domain-accounts",
 "domain-catalog",
]

[[package]]
name = "application-reporting"
version = "0.1.0"
dependencies = [
 "domain-accounts",
 "domain-orders",
]

[[package]]
name = "application-worker"
version = "0.1.0"
dependencies = [
 "domain-orders",
 "foundation-telemetry",
]

[[package]]
name = "domain-accounts"
version = "0.1.0"
dependencies = [
 "foundation-config",
 "foundation-identity",
]

[[package]]
name = "domain-catalog"
version = "0.1.0"
dependencies = [
 "foundation-config",
]

[[package]]
name = "domain-orders"
version = "0.1.0"
dependencies = [
 "domain-catalog",
 "foundation-identity",
]

[[package]]
name = "foundation-config"
version = "0.1.0"

[[package]]
name = "foundation-identity"
version = "0.1.0"

[[package]]
name = "foundation-telemetry"
version = "0.1.0"
